// !$*UTF8*$!
{
	archiveVersion = 1;
	classes = {
	};
	objectVersion = 56;
	objects = {

/* Begin PBXBuildFile section */
		9AE7B15A29D966BC00314E3C /* TreeTabBrowserApp.swift in Sources */ = {isa = PBXBuildFile; fileRef = 9AE7B15929D966BC00314E3C /* TreeTabBrowserApp.swift */; };
		9AE7B15C29D966BC00314E3C /* ContentView.swift in Sources */ = {isa = PBXBuildFile; fileRef = 9AE7B15B29D966BC00314E3C /* ContentView.swift */; };
		9AE7B15E29D966BD00314E3C /* Assets.xcassets in Resources */ = {isa = PBXBuildFile; fileRef = 9AE7B15D29D966BD00314E3C /* Assets.xcassets */; };
		9AE7B16229D966BD00314E3C /* Preview Assets.xcassets in Resources */ = {isa = PBXBuildFile; fileRef = 9AE7B16129D966BD00314E3C /* Preview Assets.xcassets */; };
		9AE7B16C29D966BD00314E3C /* TreeTabBrowserTests.swift in Sources */ = {isa = PBXBuildFile; fileRef = 9AE7B16B29D966BD00314E3C /* TreeTabBrowserTests.swift */; };
		9AE7B17629D966BD00314E3C /* TreeTabBrowserUITests.swift in Sources */ = {isa = PBXBuildFile; fileRef = 9AE7B17529D966BD00314E3C /* TreeTabBrowserUITests.swift */; };
		9AE7B17829D966BD00314E3C /* TreeTabBrowserUITestsLaunchTests.swift in Sources */ = {isa = PBXBuildFile; fileRef = 9AE7B17729D966BD00314E3C /* TreeTabBrowserUITestsLaunchTests.swift */; };
		9AE7B18A29D9693B00314E3C /* TTBrowser in Frameworks */ = {isa = PBXBuildFile; productRef = 9AE7B18929D9693B00314E3C /* TTBrowser */; };
		9AE7B18E29D9810000314E3C /* TTBrowser in Frameworks */ = {isa = PBXBuildFile; productRef = 9AE7B18D29D9810000314E3C /* TTBrowser */; };
/* End PBXBuildFile section */

/* Begin PBXContainerItemProxy section */
		9AE7B16829D966BD00314E3C /* PBXContainerItemProxy */ = {
			isa = PBXContainerItemProxy;
			containerPortal = 9AE7B14E29D966BC00314E3C /* Project object */;
			proxyType = 1;
			remoteGlobalIDString = 9AE7B15529D966BC00314E3C;
			remoteInfo = TreeTabBrowser;
		};
		9AE7B17229D966BD00314E3C /* PBXContainerItemProxy */ = {
			isa = PBXContainerItemProxy;
			containerPortal = 9AE7B14E29D966BC00314E3C /* Project object */;
			proxyType = 1;
			remoteGlobalIDString = 9AE7B15529D966BC00314E3C;
			remoteInfo = TreeTabBrowser;
		};
/* End PBXContainerItemProxy section */

/* Begin PBXFileReference section */
		9AE7B15629D966BC00314E3C /* TreeTabBrowser.app */ = {isa = PBXFileReference; explicitFileType = wrapper.application; includeInIndex = 0; path = TreeTabBrowser.app; sourceTree = BUILT_PRODUCTS_DIR; };
		9AE7B15929D966BC00314E3C /* TreeTabBrowserApp.swift */ = {isa = PBXFileReference; lastKnownFileType = sourcecode.swift; path = TreeTabBrowserApp.swift; sourceTree = "<group>"; };
		9AE7B15B29D966BC00314E3C /* ContentView.swift */ = {isa = PBXFileReference; lastKnownFileType = sourcecode.swift; path = ContentView.swift; sourceTree = "<group>"; };
		9AE7B15D29D966BD00314E3C /* Assets.xcassets */ = {isa = PBXFileReference; lastKnownFileType = folder.assetcatalog; path = Assets.xcassets; sourceTree = "<group>"; };
		9AE7B15F29D966BD00314E3C /* TreeTabBrowser.entitlements */ = {isa = PBXFileReference; lastKnownFileType = text.plist.entitlements; path = TreeTabBrowser.entitlements; sourceTree = "<group>"; };
		9AE7B16129D966BD00314E3C /* Preview Assets.xcassets */ = {isa = PBXFileReference; lastKnownFileType = folder.assetcatalog; path = "Preview Assets.xcassets"; sourceTree = "<group>"; };
		9AE7B16729D966BD00314E3C /* TreeTabBrowserTests.xctest */ = {isa = PBXFileReference; explicitFileType = wrapper.cfbundle; includeInIndex = 0; path = TreeTabBrowserTests.xctest; sourceTree = BUILT_PRODUCTS_DIR; };
		9AE7B16B29D966BD00314E3C /* TreeTabBrowserTests.swift */ = {isa = PBXFileReference; lastKnownFileType = sourcecode.swift; path = TreeTabBrowserTests.swift; sourceTree = "<group>"; };
		9AE7B17129D966BD00314E3C /* TreeTabBrowserUITests.xctest */ = {isa = PBXFileReference; explicitFileType = wrapper.cfbundle; includeInIndex = 0; path = TreeTabBrowserUITests.xctest; sourceTree = BUILT_PRODUCTS_DIR; };
		9AE7B17529D966BD00314E3C /* TreeTabBrowserUITests.swift */ = {isa = PBXFileReference; lastKnownFileType = sourcecode.swift; path = TreeTabBrowserUITests.swift; sourceTree = "<group>"; };
		9AE7B17729D966BD00314E3C /* TreeTabBrowserUITestsLaunchTests.swift */ = {isa = PBXFileReference; lastKnownFileType = sourcecode.swift; path = TreeTabBrowserUITestsLaunchTests.swift; sourceTree = "<group>"; };
/* End PBXFileReference section */

/* Begin PBXFrameworksBuildPhase section */
		9AE7B15329D966BC00314E3C /* Frameworks */ = {
			isa = PBXFrameworksBuildPhase;
			buildActionMask = 2147483647;
			files = (
				9AE7B18A29D9693B00314E3C /* TTBrowser in Frameworks */,
				9AE7B18E29D9810000314E3C /* TTBrowser in Frameworks */,
			);
			runOnlyForDeploymentPostprocessing = 0;
		};
		9AE7B16429D966BD00314E3C /* Frameworks */ = {
			isa = PBXFrameworksBuildPhase;
			buildActionMask = 2147483647;
			files = (
			);
			runOnlyForDeploymentPostprocessing = 0;
		};
		9AE7B16E29D966BD00314E3C /* Frameworks */ = {
			isa = PBXFrameworksBuildPhase;
			buildActionMask = 2147483647;
			files = (
			);
			runOnlyForDeploymentPostprocessing = 0;
		};
/* End PBXFrameworksBuildPhase section */

/* Begin PBXGroup section */
		9AE7B14D29D966BC00314E3C = {
			isa = PBXGroup;
			children = (
				9AE7B15829D966BC00314E3C /* TreeTabBrowser */,
				9AE7B16A29D966BD00314E3C /* TreeTabBrowserTests */,
				9AE7B17429D966BD00314E3C /* TreeTabBrowserUITests */,
				9AE7B15729D966BC00314E3C /* Products */,
				9AE7B18829D9693B00314E3C /* Frameworks */,
			);
			sourceTree = "<group>";
		};
		9AE7B15729D966BC00314E3C /* Products */ = {
			isa = PBXGroup;
			children = (
				9AE7B15629D966BC00314E3C /* TreeTabBrowser.app */,
				9AE7B16729D966BD00314E3C /* TreeTabBrowserTests.xctest */,
				9AE7B17129D966BD00314E3C /* TreeTabBrowserUITests.xctest */,
			);
			name = Products;
			sourceTree = "<group>";
		};
		9AE7B15829D966BC00314E3C /* TreeTabBrowser */ = {
			isa = PBXGroup;
			children = (
				9AE7B15929D966BC00314E3C /* TreeTabBrowserApp.swift */,
				9AE7B15B29D966BC00314E3C /* ContentView.swift */,
				9AE7B15D29D966BD00314E3C /* Assets.xcassets */,
				9AE7B15F29D966BD00314E3C /* TreeTabBrowser.entitlements */,
				9AE7B16029D966BD00314E3C /* Preview Content */,
			);
			path = TreeTabBrowser;
			sourceTree = "<group>";
		};
		9AE7B16029D966BD00314E3C /* Preview Content */ = {
			isa = PBXGroup;
			children = (
				9AE7B16129D966BD00314E3C /* Preview Assets.xcassets */,
			);
			path = "Preview Content";
			sourceTree = "<group>";
		};
		9AE7B16A29D966BD00314E3C /* TreeTabBrowserTests */ = {
			isa = PBXGroup;
			children = (
				9AE7B16B29D966BD00314E3C /* TreeTabBrowserTests.swift */,
			);
			path = TreeTabBrowserTests;
			sourceTree = "<group>";
		};
		9AE7B17429D966BD00314E3C /* TreeTabBrowserUITests */ = {
			isa = PBXGroup;
			children = (
				9AE7B17529D966BD00314E3C /* TreeTabBrowserUITests.swift */,
				9AE7B17729D966BD00314E3C /* TreeTabBrowserUITestsLaunchTests.swift */,
			);
			path = TreeTabBrowserUITests;
			sourceTree = "<group>";
		};
		9AE7B18829D9693B00314E3C /* Frameworks */ = {
			isa = PBXGroup;
			children = (
			);
			name = Frameworks;
			sourceTree = "<group>";
		};
/* End PBXGroup section */

/* Begin PBXNativeTarget section */
		9AE7B15529D966BC00314E3C /* TreeTabBrowser */ = {
			isa = PBXNativeTarget;
			buildConfigurationList = 9AE7B17B29D966BD00314E3C /* Build configuration list for PBXNativeTarget "TreeTabBrowser" */;
			buildPhases = (
				9AE7B15229D966BC00314E3C /* Sources */,
				9AE7B15329D966BC00314E3C /* Frameworks */,
				9AE7B15429D966BC00314E3C /* Resources */,
			);
			buildRules = (
			);
			dependencies = (
			);
			name = TreeTabBrowser;
			packageProductDependencies = (
				9AE7B18929D9693B00314E3C /* TTBrowser */,
				9AE7B18D29D9810000314E3C /* TTBrowser */,
			);
			productName = TreeTabBrowser;
			productReference = 9AE7B15629D966BC00314E3C /* TreeTabBrowser.app */;
			productType = "com.apple.product-type.application";
		};
		9AE7B16629D966BD00314E3C /* TreeTabBrowserTests */ = {
			isa = PBXNativeTarget;
			buildConfigurationList = 9AE7B17E29D966BD00314E3C /* Build configuration list for PBXNativeTarget "TreeTabBrowserTests" */;
			buildPhases = (
				9AE7B16329D966BD00314E3C /* Sources */,
				9AE7B16429D966BD00314E3C /* Frameworks */,
				9AE7B16529D966BD00314E3C /* Resources */,
			);
			buildRules = (
			);
			dependencies = (
				9AE7B16929D966BD00314E3C /* PBXTargetDependency */,
			);
			name = TreeTabBrowserTests;
			productName = TreeTabBrowserTests;
			productReference = 9AE7B16729D966BD00314E3C /* TreeTabBrowserTests.xctest */;
			productType = "com.apple.product-type.bundle.unit-test";
		};
		9AE7B17029D966BD00314E3C /* TreeTabBrowserUITests */ = {
			isa = PBXNativeTarget;
			buildConfigurationList = 9AE7B18129D966BD00314E3C /* Build configuration list for PBXNativeTarget "TreeTabBrowserUITests" */;
			buildPhases = (
				9AE7B16D29D966BD00314E3C /* Sources */,
				9AE7B16E29D966BD00314E3C /* Frameworks */,
				9AE7B16F29D966BD00314E3C /* Resources */,
			);
			buildRules = (
			);
			dependencies = (
				9AE7B17329D966BD00314E3C /* PBXTargetDependency */,
			);
			name = TreeTabBrowserUITests;
			productName = TreeTabBrowserUITests;
			productReference = 9AE7B17129D966BD00314E3C /* TreeTabBrowserUITests.xctest */;
			productType = "com.apple.product-type.bundle.ui-testing";
		};
/* End PBXNativeTarget section */

/* Begin PBXProject section */
		9AE7B14E29D966BC00314E3C /* Project object */ = {
			isa = PBXProject;
			attributes = {
				BuildIndependentTargetsInParallel = 1;
				LastSwiftUpdateCheck = 1420;
				LastUpgradeCheck = 1420;
				TargetAttributes = {
					9AE7B15529D966BC00314E3C = {
						CreatedOnToolsVersion = 14.2;
					};
					9AE7B16629D966BD00314E3C = {
						CreatedOnToolsVersion = 14.2;
						TestTargetID = 9AE7B15529D966BC00314E3C;
					};
					9AE7B17029D966BD00314E3C = {
						CreatedOnToolsVersion = 14.2;
						TestTargetID = 9AE7B15529D966BC00314E3C;
					};
				};
			};
			buildConfigurationList = 9AE7B15129D966BC00314E3C /* Build configuration list for PBXProject "TreeTabBrowser" */;
			compatibilityVersion = "Xcode 14.0";
			developmentRegion = en;
			hasScannedForEncodings = 0;
			knownRegions = (
				en,
				Base,
			);
			mainGroup = 9AE7B14D29D966BC00314E3C;
			packageReferences = (
				9AE7B18C29D9810000314E3C /* XCRemoteSwiftPackageReference "TreeTabBrowser" */,
			);
			productRefGroup = 9AE7B15729D966BC00314E3C /* Products */;
			projectDirPath = "";
			projectRoot = "";
			targets = (
				9AE7B15529D966BC00314E3C /* TreeTabBrowser */,
				9AE7B16629D966BD00314E3C /* TreeTabBrowserTests */,
				9AE7B17029D966BD00314E3C /* TreeTabBrowserUITests */,
			);
		};
/* End PBXProject section */

/* Begin PBXResourcesBuildPhase section */
		9AE7B15429D966BC00314E3C /* Resources */ = {
			isa = PBXResourcesBuildPhase;
			buildActionMask = 2147483647;
			files = (
				9AE7B16229D966BD00314E3C /* Preview Assets.xcassets in Resources */,
				9AE7B15E29D966BD00314E3C /* Assets.xcassets in Resources */,
			);
			runOnlyForDeploymentPostprocessing = 0;
		};
		9AE7B16529D966BD00314E3C /* Resources */ = {
			isa = PBXResourcesBuildPhase;
			buildActionMask = 2147483647;
			files = (
			);
			runOnlyForDeploymentPostprocessing = 0;
		};
		9AE7B16F29D966BD00314E3C /* Resources */ = {
			isa = PBXResourcesBuildPhase;
			buildActionMask = 2147483647;
			files = (
			);
			runOnlyForDeploymentPostprocessing = 0;
		};
/* End PBXResourcesBuildPhase section */

/* Begin PBXSourcesBuildPhase section */
		9AE7B15229D966BC00314E3C /* Sources */ = {
			isa = PBXSourcesBuildPhase;
			buildActionMask = 2147483647;
			files = (
				9AE7B15C29D966BC00314E3C /* ContentView.swift in Sources */,
				9AE7B15A29D966BC00314E3C /* TreeTabBrowserApp.swift in Sources */,
			);
			runOnlyForDeploymentPostprocessing = 0;
		};
		9AE7B16329D966BD00314E3C /* Sources */ = {
			isa = PBXSourcesBuildPhase;
			buildActionMask = 2147483647;
			files = (
				9AE7B16C29D966BD00314E3C /* TreeTabBrowserTests.swift in Sources */,
			);
			runOnlyForDeploymentPostprocessing = 0;
		};
		9AE7B16D29D966BD00314E3C /* Sources */ = {
			isa = PBXSourcesBuildPhase;
			buildActionMask = 2147483647;
			files = (
				9AE7B17629D966BD00314E3C /* TreeTabBrowserUITests.swift in Sources */,
				9AE7B17829D966BD00314E3C /* TreeTabBrowserUITestsLaunchTests.swift in Sources */,
			);
			runOnlyForDeploymentPostprocessing = 0;
		};
/* End PBXSourcesBuildPhase section */

/* Begin PBXTargetDependency section */
		9AE7B16929D966BD00314E3C /* PBXTargetDependency */ = {
			isa = PBXTargetDependency;
			target = 9AE7B15529D966BC00314E3C /* TreeTabBrowser */;
			targetProxy = 9AE7B16829D966BD00314E3C /* PBXContainerItemProxy */;
		};
		9AE7B17329D966BD00314E3C /* PBXTargetDependency */ = {
			isa = PBXTargetDependency;
			target = 9AE7B15529D966BC00314E3C /* TreeTabBrowser */;
			targetProxy = 9AE7B17229D966BD00314E3C /* PBXContainerItemProxy */;
		};
/* End PBXTargetDependency section */

/* Begin XCBuildConfiguration section */
		9AE7B17929D966BD00314E3C /* Debug */ = {
			isa = XCBuildConfiguration;
			buildSettings = {
				ALWAYS_SEARCH_USER_PATHS = NO;
				CLANG_ANALYZER_NONNULL = YES;
				CLANG_ANALYZER_NUMBER_OBJECT_CONVERSION = YES_AGGRESSIVE;
				CLANG_CXX_LANGUAGE_STANDARD = "gnu++20";
				CLANG_ENABLE_MODULES = YES;
				CLANG_ENABLE_OBJC_ARC = YES;
				CLANG_ENABLE_OBJC_WEAK = YES;
				CLANG_WARN_BLOCK_CAPTURE_AUTORELEASING = YES;
				CLANG_WARN_BOOL_CONVERSION = YES;
				CLANG_WARN_COMMA = YES;
				CLANG_WARN_CONSTANT_CONVERSION = YES;
				CLANG_WARN_DEPRECATED_OBJC_IMPLEMENTATIONS = YES;
				CLANG_WARN_DIRECT_OBJC_ISA_USAGE = YES_ERROR;
				CLANG_WARN_DOCUMENTATION_COMMENTS = YES;
				CLANG_WARN_EMPTY_BODY = YES;
				CLANG_WARN_ENUM_CONVERSION = YES;
				CLANG_WARN_INFINITE_RECURSION = YES;
				CLANG_WARN_INT_CONVERSION = YES;
				CLANG_WARN_NON_LITERAL_NULL_CONVERSION = YES;
				CLANG_WARN_OBJC_IMPLICIT_RETAIN_SELF = YES;
				CLANG_WARN_OBJC_LITERAL_CONVERSION = YES;
				CLANG_WARN_OBJC_ROOT_CLASS = YES_ERROR;
				CLANG_WARN_QUOTED_INCLUDE_IN_FRAMEWORK_HEADER = YES;
				CLANG_WARN_RANGE_LOOP_ANALYSIS = YES;
				CLANG_WARN_STRICT_PROTOTYPES = YES;
				CLANG_WARN_SUSPICIOUS_MOVE = YES;
				CLANG_WARN_UNGUARDED_AVAILABILITY = YES_AGGRESSIVE;
				CLANG_WARN_UNREACHABLE_CODE = YES;
				CLANG_WARN__DUPLICATE_METHOD_MATCH = YES;
				COPY_PHASE_STRIP = NO;
				DEBUG_INFORMATION_FORMAT = dwarf;
				ENABLE_STRICT_OBJC_MSGSEND = YES;
				ENABLE_TESTABILITY = YES;
				GCC_C_LANGUAGE_STANDARD = gnu11;
				GCC_DYNAMIC_NO_PIC = NO;
				GCC_NO_COMMON_BLOCKS = YES;
				GCC_OPTIMIZATION_LEVEL = 0;
				GCC_PREPROCESSOR_DEFINITIONS = (
					"DEBUG=1",
					"$(inherited)",
				);
				GCC_WARN_64_TO_32_BIT_CONVERSION = YES;
				GCC_WARN_ABOUT_RETURN_TYPE = YES_ERROR;
				GCC_WARN_UNDECLARED_SELECTOR = YES;
				GCC_WARN_UNINITIALIZED_AUTOS = YES_AGGRESSIVE;
				GCC_WARN_UNUSED_FUNCTION = YES;
				GCC_WARN_UNUSED_VARIABLE = YES;
				MTL_ENABLE_DEBUG_INFO = INCLUDE_SOURCE;
				MTL_FAST_MATH = YES;
				ONLY_ACTIVE_ARCH = YES;
				SWIFT_ACTIVE_COMPILATION_CONDITIONS = DEBUG;
				SWIFT_OPTIMIZATION_LEVEL = "-Onone";
			};
			name = Debug;
		};
		9AE7B17A29D966BD00314E3C /* Release */ = {
			isa = XCBuildConfiguration;
			buildSettings = {
				ALWAYS_SEARCH_USER_PATHS = NO;
				CLANG_ANALYZER_NONNULL = YES;
				CLANG_ANALYZER_NUMBER_OBJECT_CONVERSION = YES_AGGRESSIVE;
				CLANG_CXX_LANGUAGE_STANDARD = "gnu++20";
				CLANG_ENABLE_MODULES = YES;
				CLANG_ENABLE_OBJC_ARC = YES;
				CLANG_ENABLE_OBJC_WEAK = YES;
				CLANG_WARN_BLOCK_CAPTURE_AUTORELEASING = YES;
				CLANG_WARN_BOOL_CONVERSION = YES;
				CLANG_WARN_COMMA = YES;
				CLANG_WARN_CONSTANT_CONVERSION = YES;
				CLANG_WARN_DEPRECATED_OBJC_IMPLEMENTATIONS = YES;
				CLANG_WARN_DIRECT_OBJC_ISA_USAGE = YES_ERROR;
				CLANG_WARN_DOCUMENTATION_COMMENTS = YES;
				CLANG_WARN_EMPTY_BODY = YES;
				CLANG_WARN_ENUM_CONVERSION = YES;
				CLANG_WARN_INFINITE_RECURSION = YES;
				CLANG_WARN_INT_CONVERSION = YES;
				CLANG_WARN_NON_LITERAL_NULL_CONVERSION = YES;
				CLANG_WARN_OBJC_IMPLICIT_RETAIN_SELF = YES;
				CLANG_WARN_OBJC_LITERAL_CONVERSION = YES;
				CLANG_WARN_OBJC_ROOT_CLASS = YES_ERROR;
				CLANG_WARN_QUOTED_INCLUDE_IN_FRAMEWORK_HEADER = YES;
				CLANG_WARN_RANGE_LOOP_ANALYSIS = YES;
				CLANG_WARN_STRICT_PROTOTYPES = YES;
				CLANG_WARN_SUSPICIOUS_MOVE = YES;
				CLANG_WARN_UNGUARDED_AVAILABILITY = YES_AGGRESSIVE;
				CLANG_WARN_UNREACHABLE_CODE = YES;
				CLANG_WARN__DUPLICATE_METHOD_MATCH = YES;
				COPY_PHASE_STRIP = NO;
				DEBUG_INFORMATION_FORMAT = "dwarf-with-dsym";
				ENABLE_NS_ASSERTIONS = NO;
				ENABLE_STRICT_OBJC_MSGSEND = YES;
				GCC_C_LANGUAGE_STANDARD = gnu11;
				GCC_NO_COMMON_BLOCKS = YES;
				GCC_WARN_64_TO_32_BIT_CONVERSION = YES;
				GCC_WARN_ABOUT_RETURN_TYPE = YES_ERROR;
				GCC_WARN_UNDECLARED_SELECTOR = YES;
				GCC_WARN_UNINITIALIZED_AUTOS = YES_AGGRESSIVE;
				GCC_WARN_UNUSED_FUNCTION = YES;
				GCC_WARN_UNUSED_VARIABLE = YES;
				MTL_ENABLE_DEBUG_INFO = NO;
				MTL_FAST_MATH = YES;
				SWIFT_COMPILATION_MODE = wholemodule;
				SWIFT_OPTIMIZATION_LEVEL = "-O";
			};
			name = Release;
		};
		9AE7B17C29D966BD00314E3C /* Debug */ = {
			isa = XCBuildConfiguration;
			buildSettings = {
				ASSETCATALOG_COMPILER_APPICON_NAME = AppIcon;
				ASSETCATALOG_COMPILER_GLOBAL_ACCENT_COLOR_NAME = AccentColor;
				CODE_SIGN_ENTITLEMENTS = TreeTabBrowser/TreeTabBrowser.entitlements;
				CODE_SIGN_STYLE = Automatic;
				CURRENT_PROJECT_VERSION = 1;
				DEVELOPMENT_ASSET_PATHS = "\"TreeTabBrowser/Preview Content\"";
				DEVELOPMENT_TEAM = 9MVLBZ7VBR;
				ENABLE_HARDENED_RUNTIME = YES;
				ENABLE_PREVIEWS = YES;
				GENERATE_INFOPLIST_FILE = YES;
				"INFOPLIST_KEY_UIApplicationSceneManifest_Generation[sdk=iphoneos*]" = YES;
				"INFOPLIST_KEY_UIApplicationSceneManifest_Generation[sdk=iphonesimulator*]" = YES;
				"INFOPLIST_KEY_UIApplicationSupportsIndirectInputEvents[sdk=iphoneos*]" = YES;
				"INFOPLIST_KEY_UIApplicationSupportsIndirectInputEvents[sdk=iphonesimulator*]" = YES;
				"INFOPLIST_KEY_UILaunchScreen_Generation[sdk=iphoneos*]" = YES;
				"INFOPLIST_KEY_UILaunchScreen_Generation[sdk=iphonesimulator*]" = YES;
				"INFOPLIST_KEY_UIStatusBarStyle[sdk=iphoneos*]" = UIStatusBarStyleDefault;
				"INFOPLIST_KEY_UIStatusBarStyle[sdk=iphonesimulator*]" = UIStatusBarStyleDefault;
				INFOPLIST_KEY_UISupportedInterfaceOrientations_iPad = "UIInterfaceOrientationPortrait UIInterfaceOrientationPortraitUpsideDown UIInterfaceOrientationLandscapeLeft UIInterfaceOrientationLandscapeRight";
				INFOPLIST_KEY_UISupportedInterfaceOrientations_iPhone = "UIInterfaceOrientationPortrait UIInterfaceOrientationLandscapeLeft UIInterfaceOrientationLandscapeRight";
				IPHONEOS_DEPLOYMENT_TARGET = 14.0;
				LD_RUNPATH_SEARCH_PATHS = "@executable_path/Frameworks";
				"LD_RUNPATH_SEARCH_PATHS[sdk=macosx*]" = "@executable_path/../Frameworks";
				MACOSX_DEPLOYMENT_TARGET = 13.1;
				MARKETING_VERSION = 1.0;
				PRODUCT_BUNDLE_IDENTIFIER = org.standard.TreeTabBrowser;
				PRODUCT_NAME = "$(TARGET_NAME)";
				SDKROOT = auto;
				SUPPORTED_PLATFORMS = "iphoneos iphonesimulator macosx";
				SWIFT_EMIT_LOC_STRINGS = YES;
				SWIFT_VERSION = 5.0;
				TARGETED_DEVICE_FAMILY = "1,2";
			};
			name = Debug;
		};
		9AE7B17D29D966BD00314E3C /* Release */ = {
			isa = XCBuildConfiguration;
			buildSettings = {
				ASSETCATALOG_COMPILER_APPICON_NAME = AppIcon;
				ASSETCATALOG_COMPILER_GLOBAL_ACCENT_COLOR_NAME = AccentColor;
				CODE_SIGN_ENTITLEMENTS = TreeTabBrowser/TreeTabBrowser.entitlements;
				CODE_SIGN_STYLE = Automatic;
				CURRENT_PROJECT_VERSION = 1;
				DEVELOPMENT_ASSET_PATHS = "\"TreeTabBrowser/Preview Content\"";
				DEVELOPMENT_TEAM = 9MVLBZ7VBR;
				ENABLE_HARDENED_RUNTIME = YES;
				ENABLE_PREVIEWS = YES;
				GENERATE_INFOPLIST_FILE = YES;
				"INFOPLIST_KEY_UIApplicationSceneManifest_Generation[sdk=iphoneos*]" = YES;
				"INFOPLIST_KEY_UIApplicationSceneManifest_Generation[sdk=iphonesimulator*]" = YES;
				"INFOPLIST_KEY_UIApplicationSupportsIndirectInputEvents[sdk=iphoneos*]" = YES;
				"INFOPLIST_KEY_UIApplicationSupportsIndirectInputEvents[sdk=iphonesimulator*]" = YES;
				"INFOPLIST_KEY_UILaunchScreen_Generation[sdk=iphoneos*]" = YES;
				"INFOPLIST_KEY_UILaunchScreen_Generation[sdk=iphonesimulator*]" = YES;
				"INFOPLIST_KEY_UIStatusBarStyle[sdk=iphoneos*]" = UIStatusBarStyleDefault;
				"INFOPLIST_KEY_UIStatusBarStyle[sdk=iphonesimulator*]" = UIStatusBarStyleDefault;
				INFOPLIST_KEY_UISupportedInterfaceOrientations_iPad = "UIInterfaceOrientationPortrait UIInterfaceOrientationPortraitUpsideDown UIInterfaceOrientationLandscapeLeft UIInterfaceOrientationLandscapeRight";
				INFOPLIST_KEY_UISupportedInterfaceOrientations_iPhone = "UIInterfaceOrientationPortrait UIInterfaceOrientationLandscapeLeft UIInterfaceOrientationLandscapeRight";
				IPHONEOS_DEPLOYMENT_TARGET = 14.0;
				LD_RUNPATH_SEARCH_PATHS = "@executable_path/Frameworks";
				"LD_RUNPATH_SEARCH_PATHS[sdk=macosx*]" = "@executable_path/../Frameworks";
				MACOSX_DEPLOYMENT_TARGET = 13.1;
				MARKETING_VERSION = 1.0;
				PRODUCT_BUNDLE_IDENTIFIER = org.standard.TreeTabBrowser;
				PRODUCT_NAME = "$(TARGET_NAME)";
				SDKROOT = auto;
				SUPPORTED_PLATFORMS = "iphoneos iphonesimulator macosx";
				SWIFT_EMIT_LOC_STRINGS = YES;
				SWIFT_VERSION = 5.0;
				TARGETED_DEVICE_FAMILY = "1,2";
			};
			name = Release;
		};
		9AE7B17F29D966BD00314E3C /* Debug */ = {
			isa = XCBuildConfiguration;
			buildSettings = {
				ALWAYS_EMBED_SWIFT_STANDARD_LIBRARIES = YES;
				BUNDLE_LOADER = "$(TEST_HOST)";
				CODE_SIGN_STYLE = Automatic;
				CURRENT_PROJECT_VERSION = 1;
				DEVELOPMENT_TEAM = 9MVLBZ7VBR;
				GENERATE_INFOPLIST_FILE = YES;
				IPHONEOS_DEPLOYMENT_TARGET = 16.2;
				MACOSX_DEPLOYMENT_TARGET = 13.1;
				MARKETING_VERSION = 1.0;
				PRODUCT_BUNDLE_IDENTIFIER = org.standard.TreeTabBrowserTests;
				PRODUCT_NAME = "$(TARGET_NAME)";
				SDKROOT = auto;
				SUPPORTED_PLATFORMS = "iphoneos iphonesimulator macosx";
				SWIFT_EMIT_LOC_STRINGS = NO;
				SWIFT_VERSION = 5.0;
				TARGETED_DEVICE_FAMILY = "1,2";
				TEST_HOST = "$(BUILT_PRODUCTS_DIR)/TreeTabBrowser.app/$(BUNDLE_EXECUTABLE_FOLDER_PATH)/TreeTabBrowser";
			};
			name = Debug;
		};
		9AE7B18029D966BD00314E3C /* Release */ = {
			isa = XCBuildConfiguration;
			buildSettings = {
				ALWAYS_EMBED_SWIFT_STANDARD_LIBRARIES = YES;
				BUNDLE_LOADER = "$(TEST_HOST)";
				CODE_SIGN_STYLE = Automatic;
				CURRENT_PROJECT_VERSION = 1;
				DEVELOPMENT_TEAM = 9MVLBZ7VBR;
				GENERATE_INFOPLIST_FILE = YES;
				IPHONEOS_DEPLOYMENT_TARGET = 16.2;
				MACOSX_DEPLOYMENT_TARGET = 13.1;
				MARKETING_VERSION = 1.0;
				PRODUCT_BUNDLE_IDENTIFIER = org.standard.TreeTabBrowserTests;
				PRODUCT_NAME = "$(TARGET_NAME)";
				SDKROOT = auto;
				SUPPORTED_PLATFORMS = "iphoneos iphonesimulator macosx";
				SWIFT_EMIT_LOC_STRINGS = NO;
				SWIFT_VERSION = 5.0;
				TARGETED_DEVICE_FAMILY = "1,2";
				TEST_HOST = "$(BUILT_PRODUCTS_DIR)/TreeTabBrowser.app/$(BUNDLE_EXECUTABLE_FOLDER_PATH)/TreeTabBrowser";
			};
			name = Release;
		};
		9AE7B18229D966BD00314E3C /* Debug */ = {
			isa = XCBuildConfiguration;
			buildSettings = {
				ALWAYS_EMBED_SWIFT_STANDARD_LIBRARIES = YES;
				CODE_SIGN_STYLE = Automatic;
				CURRENT_PROJECT_VERSION = 1;
				DEVELOPMENT_TEAM = 9MVLBZ7VBR;
				GENERATE_INFOPLIST_FILE = YES;
				IPHONEOS_DEPLOYMENT_TARGET = 16.2;
				MACOSX_DEPLOYMENT_TARGET = 13.1;
				MARKETING_VERSION = 1.0;
				PRODUCT_BUNDLE_IDENTIFIER = org.standard.TreeTabBrowserUITests;
				PRODUCT_NAME = "$(TARGET_NAME)";
				SDKROOT = auto;
				SUPPORTED_PLATFORMS = "iphoneos iphonesimulator macosx";
				SWIFT_EMIT_LOC_STRINGS = NO;
				SWIFT_VERSION = 5.0;
				TARGETED_DEVICE_FAMILY = "1,2";
				TEST_TARGET_NAME = TreeTabBrowser;
			};
			name = Debug;
		};
		9AE7B18329D966BD00314E3C /* Release */ = {
			isa = XCBuildConfiguration;
			buildSettings = {
				ALWAYS_EMBED_SWIFT_STANDARD_LIBRARIES = YES;
				CODE_SIGN_STYLE = Automatic;
				CURRENT_PROJECT_VERSION = 1;
				DEVELOPMENT_TEAM = 9MVLBZ7VBR;
				GENERATE_INFOPLIST_FILE = YES;
				IPHONEOS_DEPLOYMENT_TARGET = 16.2;
				MACOSX_DEPLOYMENT_TARGET = 13.1;
				MARKETING_VERSION = 1.0;
				PRODUCT_BUNDLE_IDENTIFIER = org.standard.TreeTabBrowserUITests;
				PRODUCT_NAME = "$(TARGET_NAME)";
				SDKROOT = auto;
				SUPPORTED_PLATFORMS = "iphoneos iphonesimulator macosx";
				SWIFT_EMIT_LOC_STRINGS = NO;
				SWIFT_VERSION = 5.0;
				TARGETED_DEVICE_FAMILY = "1,2";
				TEST_TARGET_NAME = TreeTabBrowser;
			};
			name = Release;
		};
/* End XCBuildConfiguration section */

/* Begin XCConfigurationList section */
		9AE7B15129D966BC00314E3C /* Build configuration list for PBXProject "TreeTabBrowser" */ = {
			isa = XCConfigurationList;
			buildConfigurations = (
				9AE7B17929D966BD00314E3C /* Debug */,
				9AE7B17A29D966BD00314E3C /* Release */,
			);
			defaultConfigurationIsVisible = 0;
			defaultConfigurationName = Release;
		};
		9AE7B17B29D966BD00314E3C /* Build configuration list for PBXNativeTarget "TreeTabBrowser" */ = {
			isa = XCConfigurationList;
			buildConfigurations = (
				9AE7B17C29D966BD00314E3C /* Debug */,
				9AE7B17D29D966BD00314E3C /* Release */,
			);
			defaultConfigurationIsVisible = 0;
			defaultConfigurationName = Release;
		};
		9AE7B17E29D966BD00314E3C /* Build configuration list for PBXNativeTarget "TreeTabBrowserTests" */ = {
			isa = XCConfigurationList;
			buildConfigurations = (
				9AE7B17F29D966BD00314E3C /* Debug */,
				9AE7B18029D966BD00314E3C /* Release */,
			);
			defaultConfigurationIsVisible = 0;
			defaultConfigurationName = Release;
		};
		9AE7B18129D966BD00314E3C /* Build configuration list for PBXNativeTarget "TreeTabBrowserUITests" */ = {
			isa = XCConfigurationList;
			buildConfigurations = (
				9AE7B18229D966BD00314E3C /* Debug */,
				9AE7B18329D966BD00314E3C /* Release */,
			);
			defaultConfigurationIsVisible = 0;
			defaultConfigurationName = Release;
		};
/* End XCConfigurationList section */

/* Begin XCRemoteSwiftPackageReference section */
		9AE7B18C29D9810000314E3C /* XCRemoteSwiftPackageReference "TreeTabBrowser" */ = {
			isa = XCRemoteSwiftPackageReference;
			repositoryURL = "file:///Users/standard/STCData/TreeTabBrowser";
			requirement = {
				branch = main;
				kind = branch;
			};
		};
/* End XCRemoteSwiftPackageReference section */

/* Begin XCSwiftPackageProductDependency section */
		9AE7B18929D9693B00314E3C /* TTBrowser */ = {
			isa = XCSwiftPackageProductDependency;
			productName = TTBrowser;
		};
		9AE7B18D29D9810000314E3C /* TTBrowser */ = {
			isa = XCSwiftPackageProductDependency;
			package = 9AE7B18C29D9810000314E3C /* XCRemoteSwiftPackageReference "TreeTabBrowser" */;
			productName = TTBrowser;
		};
/* End XCSwiftPackageProductDependency section */
	};
	rootObject = 9AE7B14E29D966BC00314E3C /* Project object */;
}
